
Microsoft Visual Studio Solution File, Format Version 12.00
# Visual Studio Version 16
VisualStudioVersion = 16.0.30011.22
MinimumVisualStudioVersion = 10.0.40219.1
Project("{FAE04EC0-301F-11D3-BF4B-00C04F79EFBC}") = "Phoneword.Android", "Phoneword\Phoneword.Android\Phoneword.Android.csproj", "{340690AC-7FDC-47CB-BD12-FA2B7A5A8C5F}"
EndProject
Project("{FAE04EC0-301F-11D3-BF4B-00C04F79EFBC}") = "Phoneword.iOS", "Phoneword\Phoneword.iOS\Phoneword.iOS.csproj", "{60CD69F7-0861-4585-B253-B0CA7447F318}"
EndProject
Project("{FAE04EC0-301F-11D3-BF4B-00C04F79EFBC}") = "Phoneword", "Phoneword\Phoneword\Phoneword.csproj", "{FC85DDAE-0DD9-4863-BA90-FB04C942EE77}"
EndProject
Global
	GlobalSection(SolutionConfigurationPlatforms) = preSolution
		Debug|Any CPU = Debug|Any CPU
		Debug|iPhone = Debug|iPhone
		Debug|iPhoneSimulator = Debug|iPhoneSimulator
		Release|Any CPU = Release|Any CPU
		Release|iPhone = Release|iPhone
		Release|iPhoneSimulator = Release|iPhoneSimulator
	EndGlobalSection
	GlobalSection(ProjectConfigurationPlatforms) = postSolution
		{340690AC-7FDC-47CB-BD12-FA2B7A5A8C5F}.Debug|Any CPU.ActiveCfg = Debug|Any CPU
		{340690AC-7FDC-47CB-BD12-FA2B7A5A8C5F}.Debug|Any CPU.Build.0 = Debug|Any CPU
		{340690AC-7FDC-47CB-BD12-FA2B7A5A8C5F}.Debug|Any CPU.Deploy.0 = Debug|Any CPU
		{340690AC-7FDC-47CB-BD12-FA2B7A5A8C5F}.Debug|iPhone.ActiveCfg = Debug|Any CPU
		{340690AC-7FDC-47CB-BD12-FA2B7A5A8C5F}.Debug|iPhone.Build.0 = Debug|Any CPU
		{340690AC-7FDC-47CB-BD12-FA2B7A5A8C5F}.Debug|iPhone.Deploy.0 = Debug|Any CPU
		{340690AC-7FDC-47CB-BD12-FA2B7A5A8C5F}.Debug|iPhoneSimulator.ActiveCfg = Debug|Any CPU
		{340690AC-7FDC-47CB-BD12-FA2B7A5A8C5F}.Debug|iPhoneSimulator.Build.0 = Debug|Any CPU
		{340690AC-7FDC-47CB-BD12-FA2B7A5A8C5F}.Debug|iPhoneSimulator.Deploy.0 = Debug|Any CPU
		{340690AC-7FDC-47CB-BD12-FA2B7A5A8C5F}.Release|Any CPU.ActiveCfg = Release|Any CPU
		{340690AC-7FDC-47CB-BD12-FA2B7A5A8C5F}.Release|Any CPU.Build.0 = Release|Any CPU
		{340690AC-7FDC-47CB-BD12-FA2B7A5A8C5F}.Release|Any CPU.Deploy.0 = Release|Any CPU
		{340690AC-7FDC-47CB-BD12-FA2B7A5A8C5F}.Release|iPhone.ActiveCfg = Release|Any CPU
		{340690AC-7FDC-47CB-BD12-FA2B7A5A8C5F}.Release|iPhone.Build.0 = Release|Any CPU
		{340690AC-7FDC-47CB-BD12-FA2B7A5A8C5F}.Release|iPhone.Deploy.0 = Release|Any CPU
		{340690AC-7FDC-47CB-BD12-FA2B7A5A8C5F}.Release|iPhoneSimulator.ActiveCfg = Release|Any CPU
		{340690AC-7FDC-47CB-BD12-FA2B7A5A8C5F}.Release|iPhoneSimulator.Build.0 = Release|Any CPU
		{340690AC-7FDC-47CB-BD12-FA2B7A5A8C5F}.Release|iPhoneSimulator.Deploy.0 = Release|Any CPU
		{60CD69F7-0861-4585-B253-B0CA7447F318}.Debug|Any CPU.ActiveCfg = Debug|iPhone
		{60CD69F7-0861-4585-B253-B0CA7447F318}.Debug|Any CPU.Build.0 = Debug|iPhone
		{60CD69F7-0861-4585-B253-B0CA7447F318}.Debug|Any CPU.Deploy.0 = Debug|iPhone
		{60CD69F7-0861-4585-B253-B0CA7447F318}.Debug|iPhone.ActiveCfg = Debug|iPhone
		{60CD69F7-0861-4585-B253-B0CA7447F318}.Debug|iPhone.Build.0 = Debug|iPhone
		{60CD69F7-0861-4585-B253-B0CA7447F318}.Debug|iPhone.Deploy.0 = Debug|iPhone
		{60CD69F7-0861-4585-B253-B0CA7447F318}.Debug|iPhoneSimulator.ActiveCfg = Debug|iPhoneSimulator
		{60CD69F7-0861-4585-B253-B0CA7447F318}.Debug|iPhoneSimulator.Build.0 = Debug|iPhoneSimulator
		{60CD69F7-0861-4585-B253-B0CA7447F318}.Debug|iPhoneSimulator.Deploy.0 = Debug|iPhoneSimulator
		{60CD69F7-0861-4585-B253-B0CA7447F318}.Release|Any CPU.ActiveCfg = Release|iPhone
		{60CD69F7-0861-4585-B253-B0CA7447F318}.Release|Any CPU.Build.0 = Release|iPhone
		{60CD69F7-0861-4585-B253-B0CA7447F318}.Release|Any CPU.Deploy.0 = Release|iPhone
		{60CD69F7-0861-4585-B253-B0CA7447F318}.Release|iPhone.ActiveCfg = Release|iPhone
		{60CD69F7-0861-4585-B253-B0CA7447F318}.Release|iPhone.Build.0 = Release|iPhone
		{60CD69F7-0861-4585-B253-B0CA7447F318}.Release|iPhone.Deploy.0 = Release|iPhone
		{60CD69F7-0861-4585-B253-B0CA7447F318}.Release|iPhoneSimulator.ActiveCfg = Release|iPhoneSimulator
		{60CD69F7-0861-4585-B253-B0CA7447F318}.Release|iPhoneSimulator.Build.0 = Release|iPhoneSimulator
		{60CD69F7-0861-4585-B253-B0CA7447F318}.Release|iPhoneSimulator.Deploy.0 = Release|iPhoneSimulator
		{FC85DDAE-0DD9-4863-BA90-FB04C942EE77}.Debug|Any CPU.ActiveCfg = Debug|Any CPU
		{FC85DDAE-0DD9-4863-BA90-FB04C942EE77}.Debug|Any CPU.Build.0 = Debug|Any CPU
		{FC85DDAE-0DD9-4863-BA90-FB04C942EE77}.Debug|Any CPU.Deploy.0 = Debug|Any CPU
		{FC85DDAE-0DD9-4863-BA90-FB04C942EE77}.Debug|iPhone.ActiveCfg = Debug|Any CPU
		{FC85DDAE-0DD9-4863-BA90-FB04C942EE77}.Debug|iPhone.Build.0 = Debug|Any CPU
		{FC85DDAE-0DD9-4863-BA90-FB04C942EE77}.Debug|iPhone.Deploy.0 = Debug|Any CPU
		{FC85DDAE-0DD9-4863-BA90-FB04C942EE77}.Debug|iPhoneSimulator.ActiveCfg = Debug|Any CPU
		{FC85DDAE-0DD9-4863-BA90-FB04C942EE77}.Debug|iPhoneSimulator.Build.0 = Debug|Any CPU
		{FC85DDAE-0DD9-4863-BA90-FB04C942EE77}.Debug|iPhoneSimulator.Deploy.0 = Debug|Any CPU
		{FC85DDAE-0DD9-4863-BA90-FB04C942EE77}.Release|Any CPU.ActiveCfg = Release|Any CPU
		{FC85DDAE-0DD9-4863-BA90-FB04C942EE77}.Release|Any CPU.Build.0 = Release|Any CPU
		{FC85DDAE-0DD9-4863-BA90-FB04C942EE77}.Release|Any CPU.Deploy.0 = Release|Any CPU
		{FC85DDAE-0DD9-4863-BA90-FB04C942EE77}.Release|iPhone.ActiveCfg = Release|Any CPU
		{FC85DDAE-0DD9-4863-BA90-FB04C942EE77}.Release|iPhone.Build.0 = Release|Any CPU
		{FC85DDAE-0DD9-4863-BA90-FB04C942EE77}.Release|iPhone.Deploy.0 = Release|Any CPU
		{FC85DDAE-0DD9-4863-BA90-FB04C942EE77}.Release|iPhoneSimulator.ActiveCfg = Release|Any CPU
		{FC85DDAE-0DD9-4863-BA90-FB04C942EE77}.Release|iPhoneSimulator.Build.0 = Release|Any CPU
		{FC85DDAE-0DD9-4863-BA90-FB04C942EE77}.Release|iPhoneSimulator.Deploy.0 = Release|Any CPU
	EndGlobalSection
	GlobalSection(SolutionProperties) = preSolution
		HideSolutionNode = FALSE
	EndGlobalSection
	GlobalSection(ExtensibilityGlobals) = postSolution
		SolutionGuid = {ABAAAC9E-BC76-4139-8295-01C3C551EF2C}
	EndGlobalSection
EndGlobal
